
Microsoft Visual Studio Solution File, Format Version 12.00
# Visual Studio 2013
VisualStudioVersion = 12.0.21005.1
MinimumVisualStudioVersion = 10.0.40219.1
Project("{FAE04EC0-301F-11D3-BF4B-00C04F79EFBC}") = "CustomActivities", "CustomActivities\CustomActivities.csproj", "{5A339CDF-5BBE-4EEE-89D7-247C2E98528B}"
EndProject
Project("{FAE04EC0-301F-11D3-BF4B-00C04F79EFBC}") = "CustomActivities.Design", "CustomActivities.Design\CustomActivities.Design.csproj", "{4DCE89B7-8C3A-457D-8D36-27E7B11F862B}"
EndProject
Global
	GlobalSection(SolutionConfigurationPlatforms) = preSolution
		Debug|Any CPU = Debug|Any CPU
		Release|Any CPU = Release|Any CPU
	EndGlobalSection
	GlobalSection(ProjectConfigurationPlatforms) = postSolution
		{5A339CDF-5BBE-4EEE-89D7-247C2E98528B}.Debug|Any CPU.ActiveCfg = Debug|Any CPU
		{5A339CDF-5BBE-4EEE-89D7-247C2E98528B}.Debug|Any CPU.Build.0 = Debug|Any CPU
		{5A339CDF-5BBE-4EEE-89D7-247C2E98528B}.Release|Any CPU.ActiveCfg = Release|Any CPU
		{5A339CDF-5BBE-4EEE-89D7-247C2E98528B}.Release|Any CPU.Build.0 = Release|Any CPU
		{4DCE89B7-8C3A-457D-8D36-27E7B11F862B}.Debug|Any CPU.ActiveCfg = Debug|Any CPU
		{4DCE89B7-8C3A-457D-8D36-27E7B11F862B}.Debug|Any CPU.Build.0 = Debug|Any CPU
		{4DCE89B7-8C3A-457D-8D36-27E7B11F862B}.Release|Any CPU.ActiveCfg = Release|Any CPU
		{4DCE89B7-8C3A-457D-8D36-27E7B11F862B}.Release|Any CPU.Build.0 = Release|Any CPU
	EndGlobalSection
	GlobalSection(SolutionProperties) = preSolution
		HideSolutionNode = FALSE
	EndGlobalSection
EndGlobal
